
Microsoft Visual Studio Solution File, Format Version 12.00
# Visual Studio Version 17
VisualStudioVersion = 17.0.31903.59
MinimumVisualStudioVersion = 10.0.40219.1
Project("{2150E333-8FDC-42A3-9474-1A3956D46DE8}") = "src", "src", "{827E0CD3-B72D-47B6-A68D-7590B98EB39B}"
EndProject
Project("{FAE04EC0-301F-11D3-BF4B-00C04F79EFBC}") = "OnionShop.Domain", "src\OnionShop.Domain\OnionShop.Domain.csproj", "{079822A5-3872-45FE-BB72-7812D30DED54}"
EndProject
Project("{FAE04EC0-301F-11D3-BF4B-00C04F79EFBC}") = "OnionShop.Application", "src\OnionShop.Application\OnionShop.Application.csproj", "{5BAFE658-8333-4D20-919F-D90A6B6305C7}"
EndProject
Project("{FAE04EC0-301F-11D3-BF4B-00C04F79EFBC}") = "OnionShop.Infrastructure", "src\OnionShop.Infrastructure\OnionShop.Infrastructure.csproj", "{041A1366-429A-4658-A827-EDF938736438}"
EndProject
Project("{FAE04EC0-301F-11D3-BF4B-00C04F79EFBC}") = "OnionShop.WebApi", "src\OnionShop.WebApi\OnionShop.WebApi.csproj", "{123DB8EA-D009-46BC-9A48-6378A2E4632F}"
EndProject
Global
	GlobalSection(SolutionConfigurationPlatforms) = preSolution
		Debug|Any CPU = Debug|Any CPU
		Debug|x64 = Debug|x64
		Debug|x86 = Debug|x86
		Release|Any CPU = Release|Any CPU
		Release|x64 = Release|x64
		Release|x86 = Release|x86
	EndGlobalSection
	GlobalSection(ProjectConfigurationPlatforms) = postSolution
		{079822A5-3872-45FE-BB72-7812D30DED54}.Debug|Any CPU.ActiveCfg = Debug|Any CPU
		{079822A5-3872-45FE-BB72-7812D30DED54}.Debug|Any CPU.Build.0 = Debug|Any CPU
		{079822A5-3872-45FE-BB72-7812D30DED54}.Debug|x64.ActiveCfg = Debug|Any CPU
		{079822A5-3872-45FE-BB72-7812D30DED54}.Debug|x64.Build.0 = Debug|Any CPU
		{079822A5-3872-45FE-BB72-7812D30DED54}.Debug|x86.ActiveCfg = Debug|Any CPU
		{079822A5-3872-45FE-BB72-7812D30DED54}.Debug|x86.Build.0 = Debug|Any CPU
		{079822A5-3872-45FE-BB72-7812D30DED54}.Release|Any CPU.ActiveCfg = Release|Any CPU
		{079822A5-3872-45FE-BB72-7812D30DED54}.Release|Any CPU.Build.0 = Release|Any CPU
		{079822A5-3872-45FE-BB72-7812D30DED54}.Release|x64.ActiveCfg = Release|Any CPU
		{079822A5-3872-45FE-BB72-7812D30DED54}.Release|x64.Build.0 = Release|Any CPU
		{079822A5-3872-45FE-BB72-7812D30DED54}.Release|x86.ActiveCfg = Release|Any CPU
		{079822A5-3872-45FE-BB72-7812D30DED54}.Release|x86.Build.0 = Release|Any CPU
		{5BAFE658-8333-4D20-919F-D90A6B6305C7}.Debug|Any CPU.ActiveCfg = Debug|Any CPU
		{5BAFE658-8333-4D20-919F-D90A6B6305C7}.Debug|Any CPU.Build.0 = Debug|Any CPU
		{5BAFE658-8333-4D20-919F-D90A6B6305C7}.Debug|x64.ActiveCfg = Debug|Any CPU
		{5BAFE658-8333-4D20-919F-D90A6B6305C7}.Debug|x64.Build.0 = Debug|Any CPU
		{5BAFE658-8333-4D20-919F-D90A6B6305C7}.Debug|x86.ActiveCfg = Debug|Any CPU
		{5BAFE658-8333-4D20-919F-D90A6B6305C7}.Debug|x86.Build.0 = Debug|Any CPU
		{5BAFE658-8333-4D20-919F-D90A6B6305C7}.Release|Any CPU.ActiveCfg = Release|Any CPU
		{5BAFE658-8333-4D20-919F-D90A6B6305C7}.Release|Any CPU.Build.0 = Release|Any CPU
		{5BAFE658-8333-4D20-919F-D90A6B6305C7}.Release|x64.ActiveCfg = Release|Any CPU
		{5BAFE658-8333-4D20-919F-D90A6B6305C7}.Release|x64.Build.0 = Release|Any CPU
		{5BAFE658-8333-4D20-919F-D90A6B6305C7}.Release|x86.ActiveCfg = Release|Any CPU
		{5BAFE658-8333-4D20-919F-D90A6B6305C7}.Release|x86.Build.0 = Release|Any CPU
		{041A1366-429A-4658-A827-EDF938736438}.Debug|Any CPU.ActiveCfg = Debug|Any CPU
		{041A1366-429A-4658-A827-EDF938736438}.Debug|Any CPU.Build.0 = Debug|Any CPU
		{041A1366-429A-4658-A827-EDF938736438}.Debug|x64.ActiveCfg = Debug|Any CPU
		{041A1366-429A-4658-A827-EDF938736438}.Debug|x64.Build.0 = Debug|Any CPU
		{041A1366-429A-4658-A827-EDF938736438}.Debug|x86.ActiveCfg = Debug|Any CPU
		{041A1366-429A-4658-A827-EDF938736438}.Debug|x86.Build.0 = Debug|Any CPU
		{041A1366-429A-4658-A827-EDF938736438}.Release|Any CPU.ActiveCfg = Release|Any CPU
		{041A1366-429A-4658-A827-EDF938736438}.Release|Any CPU.Build.0 = Release|Any CPU
		{041A1366-429A-4658-A827-EDF938736438}.Release|x64.ActiveCfg = Release|Any CPU
		{041A1366-429A-4658-A827-EDF938736438}.Release|x64.Build.0 = Release|Any CPU
		{041A1366-429A-4658-A827-EDF938736438}.Release|x86.ActiveCfg = Release|Any CPU
		{041A1366-429A-4658-A827-EDF938736438}.Release|x86.Build.0 = Release|Any CPU
		{123DB8EA-D009-46BC-9A48-6378A2E4632F}.Debug|Any CPU.ActiveCfg = Debug|Any CPU
		{123DB8EA-D009-46BC-9A48-6378A2E4632F}.Debug|Any CPU.Build.0 = Debug|Any CPU
		{123DB8EA-D009-46BC-9A48-6378A2E4632F}.Debug|x64.ActiveCfg = Debug|Any CPU
		{123DB8EA-D009-46BC-9A48-6378A2E4632F}.Debug|x64.Build.0 = Debug|Any CPU
		{123DB8EA-D009-46BC-9A48-6378A2E4632F}.Debug|x86.ActiveCfg = Debug|Any CPU
		{123DB8EA-D009-46BC-9A48-6378A2E4632F}.Debug|x86.Build.0 = Debug|Any CPU
		{123DB8EA-D009-46BC-9A48-6378A2E4632F}.Release|Any CPU.ActiveCfg = Release|Any CPU
		{123DB8EA-D009-46BC-9A48-6378A2E4632F}.Release|Any CPU.Build.0 = Release|Any CPU
		{123DB8EA-D009-46BC-9A48-6378A2E4632F}.Release|x64.ActiveCfg = Release|Any CPU
		{123DB8EA-D009-46BC-9A48-6378A2E4632F}.Release|x64.Build.0 = Release|Any CPU
		{123DB8EA-D009-46BC-9A48-6378A2E4632F}.Release|x86.ActiveCfg = Release|Any CPU
		{123DB8EA-D009-46BC-9A48-6378A2E4632F}.Release|x86.Build.0 = Release|Any CPU
	EndGlobalSection
	GlobalSection(SolutionProperties) = preSolution
		HideSolutionNode = FALSE
	EndGlobalSection
	GlobalSection(NestedProjects) = preSolution
		{079822A5-3872-45FE-BB72-7812D30DED54} = {827E0CD3-B72D-47B6-A68D-7590B98EB39B}
		{5BAFE658-8333-4D20-919F-D90A6B6305C7} = {827E0CD3-B72D-47B6-A68D-7590B98EB39B}
		{041A1366-429A-4658-A827-EDF938736438} = {827E0CD3-B72D-47B6-A68D-7590B98EB39B}
		{123DB8EA-D009-46BC-9A48-6378A2E4632F} = {827E0CD3-B72D-47B6-A68D-7590B98EB39B}
	EndGlobalSection
EndGlobal
